
Microsoft Visual Studio Solution File, Format Version 12.00
# Visual Studio Version 17
VisualStudioVersion = 17.6.33829.357
MinimumVisualStudioVersion = 10.0.40219.1
Project("{54A90642-561A-4BB1-A94E-469ADEE60C69}") = "GuestBook.Vue", "src\GuestBook.Vue\GuestBook.Vue.esproj", "{7A34ED3A-C506-4E53-BEF4-A894E862D93F}"
EndProject
Project("{9A19103F-16F7-4668-BE54-9A1E7A4F7556}") = "GuestBook.Api", "src\GuestBook.Api\GuestBook.Api.csproj", "{4680C765-64DF-4C32-972E-A9D6263F5E7C}"
EndProject
Project("{FAE04EC0-301F-11D3-BF4B-00C04F79EFBC}") = "GuestBook.Models", "src\GuestBook.Models\GuestBook.Models.csproj", "{F7D4B999-395F-4608-9AE4-7FCBCC647769}"
EndProject
Global
	GlobalSection(SolutionConfigurationPlatforms) = preSolution
		Debug|Any CPU = Debug|Any CPU
		Release|Any CPU = Release|Any CPU
	EndGlobalSection
	GlobalSection(ProjectConfigurationPlatforms) = postSolution
		{7A34ED3A-C506-4E53-BEF4-A894E862D93F}.Debug|Any CPU.ActiveCfg = Debug|Any CPU
		{7A34ED3A-C506-4E53-BEF4-A894E862D93F}.Debug|Any CPU.Build.0 = Debug|Any CPU
		{7A34ED3A-C506-4E53-BEF4-A894E862D93F}.Debug|Any CPU.Deploy.0 = Debug|Any CPU
		{7A34ED3A-C506-4E53-BEF4-A894E862D93F}.Release|Any CPU.ActiveCfg = Release|Any CPU
		{7A34ED3A-C506-4E53-BEF4-A894E862D93F}.Release|Any CPU.Build.0 = Release|Any CPU
		{7A34ED3A-C506-4E53-BEF4-A894E862D93F}.Release|Any CPU.Deploy.0 = Release|Any CPU
		{4680C765-64DF-4C32-972E-A9D6263F5E7C}.Debug|Any CPU.ActiveCfg = Debug|Any CPU
		{4680C765-64DF-4C32-972E-A9D6263F5E7C}.Debug|Any CPU.Build.0 = Debug|Any CPU
		{4680C765-64DF-4C32-972E-A9D6263F5E7C}.Release|Any CPU.ActiveCfg = Release|Any CPU
		{4680C765-64DF-4C32-972E-A9D6263F5E7C}.Release|Any CPU.Build.0 = Release|Any CPU
		{F7D4B999-395F-4608-9AE4-7FCBCC647769}.Debug|Any CPU.ActiveCfg = Debug|Any CPU
		{F7D4B999-395F-4608-9AE4-7FCBCC647769}.Debug|Any CPU.Build.0 = Debug|Any CPU
		{F7D4B999-395F-4608-9AE4-7FCBCC647769}.Release|Any CPU.ActiveCfg = Release|Any CPU
		{F7D4B999-395F-4608-9AE4-7FCBCC647769}.Release|Any CPU.Build.0 = Release|Any CPU
	EndGlobalSection
	GlobalSection(SolutionProperties) = preSolution
		HideSolutionNode = FALSE
	EndGlobalSection
	GlobalSection(ExtensibilityGlobals) = postSolution
		SolutionGuid = {7AA2203B-412C-4745-86E3-E288904C9B4A}
	EndGlobalSection
EndGlobal
